
Microsoft Visual Studio Solution File, Format Version 12.00
# Visual Studio Version 17
VisualStudioVersion = 17.5.33414.496
MinimumVisualStudioVersion = 10.0.40219.1
Project("{FAE04EC0-301F-11D3-BF4B-00C04F79EFBC}") = "CapaGestorWEB", "CapaGestorWEB\CapaGestorWEB.csproj", "{EDECCE86-768F-4D7E-B38F-89483A4C1015}"
EndProject
Project("{FAE04EC0-301F-11D3-BF4B-00C04F79EFBC}") = "CapaPresentacionGestorAdmin", "CapaPresentacionGestor\CapaPresentacionGestorAdmin.csproj", "{05B6EFC6-9555-4AD3-A12F-B9CA05619197}"
EndProject
Project("{FAE04EC0-301F-11D3-BF4B-00C04F79EFBC}") = "CapaDatos", "CapaDatos\CapaDatos.csproj", "{63C98AEB-944C-4939-A905-00CFA86F0DBF}"
EndProject
Project("{FAE04EC0-301F-11D3-BF4B-00C04F79EFBC}") = "CapaEntidad", "CapaEntidad\CapaEntidad.csproj", "{4CF3540A-3B9E-4971-94C6-46A6DC29422D}"
EndProject
Project("{FAE04EC0-301F-11D3-BF4B-00C04F79EFBC}") = "CapaNegocio", "CapaNegocio\CapaNegocio.csproj", "{131460E1-23E1-494F-87BC-525B489508E1}"
EndProject
Global
	GlobalSection(SolutionConfigurationPlatforms) = preSolution
		Debug|Any CPU = Debug|Any CPU
		Release|Any CPU = Release|Any CPU
	EndGlobalSection
	GlobalSection(ProjectConfigurationPlatforms) = postSolution
		{EDECCE86-768F-4D7E-B38F-89483A4C1015}.Debug|Any CPU.ActiveCfg = Debug|Any CPU
		{EDECCE86-768F-4D7E-B38F-89483A4C1015}.Debug|Any CPU.Build.0 = Debug|Any CPU
		{EDECCE86-768F-4D7E-B38F-89483A4C1015}.Release|Any CPU.ActiveCfg = Release|Any CPU
		{EDECCE86-768F-4D7E-B38F-89483A4C1015}.Release|Any CPU.Build.0 = Release|Any CPU
		{05B6EFC6-9555-4AD3-A12F-B9CA05619197}.Debug|Any CPU.ActiveCfg = Debug|Any CPU
		{05B6EFC6-9555-4AD3-A12F-B9CA05619197}.Debug|Any CPU.Build.0 = Debug|Any CPU
		{05B6EFC6-9555-4AD3-A12F-B9CA05619197}.Release|Any CPU.ActiveCfg = Release|Any CPU
		{05B6EFC6-9555-4AD3-A12F-B9CA05619197}.Release|Any CPU.Build.0 = Release|Any CPU
		{63C98AEB-944C-4939-A905-00CFA86F0DBF}.Debug|Any CPU.ActiveCfg = Debug|Any CPU
		{63C98AEB-944C-4939-A905-00CFA86F0DBF}.Debug|Any CPU.Build.0 = Debug|Any CPU
		{63C98AEB-944C-4939-A905-00CFA86F0DBF}.Release|Any CPU.ActiveCfg = Release|Any CPU
		{63C98AEB-944C-4939-A905-00CFA86F0DBF}.Release|Any CPU.Build.0 = Release|Any CPU
		{4CF3540A-3B9E-4971-94C6-46A6DC29422D}.Debug|Any CPU.ActiveCfg = Debug|Any CPU
		{4CF3540A-3B9E-4971-94C6-46A6DC29422D}.Debug|Any CPU.Build.0 = Debug|Any CPU
		{4CF3540A-3B9E-4971-94C6-46A6DC29422D}.Release|Any CPU.ActiveCfg = Release|Any CPU
		{4CF3540A-3B9E-4971-94C6-46A6DC29422D}.Release|Any CPU.Build.0 = Release|Any CPU
		{131460E1-23E1-494F-87BC-525B489508E1}.Debug|Any CPU.ActiveCfg = Debug|Any CPU
		{131460E1-23E1-494F-87BC-525B489508E1}.Debug|Any CPU.Build.0 = Debug|Any CPU
		{131460E1-23E1-494F-87BC-525B489508E1}.Release|Any CPU.ActiveCfg = Release|Any CPU
		{131460E1-23E1-494F-87BC-525B489508E1}.Release|Any CPU.Build.0 = Release|Any CPU
	EndGlobalSection
	GlobalSection(SolutionProperties) = preSolution
		HideSolutionNode = FALSE
	EndGlobalSection
	GlobalSection(ExtensibilityGlobals) = postSolution
		SolutionGuid = {7DFA7E50-997A-4D5F-A31D-55771C08542F}
	EndGlobalSection
EndGlobal
